// !$*UTF8*$!
{
	archiveVersion = 1;
	classes = {
	};
	objectVersion = 56;
	objects = {

/* Begin PBXBuildFile section */
		93DE36022AB833C2003E16FB /* SwiftUI_Demo_AppApp.swift in Sources */ = {isa = PBXBuildFile; fileRef = 93DE36012AB833C2003E16FB /* SwiftUI_Demo_AppApp.swift */; };
		93DE36042AB833C2003E16FB /* ContentView.swift in Sources */ = {isa = PBXBuildFile; fileRef = 93DE36032AB833C2003E16FB /* ContentView.swift */; };
		93DE36062AB833C4003E16FB /* Assets.xcassets in Resources */ = {isa = PBXBuildFile; fileRef = 93DE36052AB833C4003E16FB /* Assets.xcassets */; };
		93DE36092AB833C4003E16FB /* Preview Assets.xcassets in Resources */ = {isa = PBXBuildFile; fileRef = 93DE36082AB833C4003E16FB /* Preview Assets.xcassets */; };
		93DE36132AB833C5003E16FB /* SwiftUI_Demo_AppTests.swift in Sources */ = {isa = PBXBuildFile; fileRef = 93DE36122AB833C5003E16FB /* SwiftUI_Demo_AppTests.swift */; };
		93DE361D2AB833C5003E16FB /* SwiftUI_Demo_AppUITests.swift in Sources */ = {isa = PBXBuildFile; fileRef = 93DE361C2AB833C5003E16FB /* SwiftUI_Demo_AppUITests.swift */; };
		93DE361F2AB833C5003E16FB /* SwiftUI_Demo_AppUITestsLaunchTests.swift in Sources */ = {isa = PBXBuildFile; fileRef = 93DE361E2AB833C5003E16FB /* SwiftUI_Demo_AppUITestsLaunchTests.swift */; };
/* End PBXBuildFile section */

/* Begin PBXContainerItemProxy section */
		93DE360F2AB833C5003E16FB /* PBXContainerItemProxy */ = {
			isa = PBXContainerItemProxy;
			containerPortal = 93DE35F62AB833C2003E16FB /* Project object */;
			proxyType = 1;
			remoteGlobalIDString = 93DE35FD2AB833C2003E16FB;
			remoteInfo = "SwiftUI-Demo-App";
		};
		93DE36192AB833C5003E16FB /* PBXContainerItemProxy */ = {
			isa = PBXContainerItemProxy;
			containerPortal = 93DE35F62AB833C2003E16FB /* Project object */;
			proxyType = 1;
			remoteGlobalIDString = 93DE35FD2AB833C2003E16FB;
			remoteInfo = "SwiftUI-Demo-App";
		};
/* End PBXContainerItemProxy section */

/* Begin PBXFileReference section */
		93DE35FE2AB833C2003E16FB /* SwiftUI-Demo-App.app */ = {isa = PBXFileReference; explicitFileType = wrapper.application; includeInIndex = 0; path = "SwiftUI-Demo-App.app"; sourceTree = BUILT_PRODUCTS_DIR; };
		93DE36012AB833C2003E16FB /* SwiftUI_Demo_AppApp.swift */ = {isa = PBXFileReference; lastKnownFileType = sourcecode.swift; path = SwiftUI_Demo_AppApp.swift; sourceTree = "<group>"; };
		93DE36032AB833C2003E16FB /* ContentView.swift */ = {isa = PBXFileReference; lastKnownFileType = sourcecode.swift; path = ContentView.swift; sourceTree = "<group>"; };
		93DE36052AB833C4003E16FB /* Assets.xcassets */ = {isa = PBXFileReference; lastKnownFileType = folder.assetcatalog; path = Assets.xcassets; sourceTree = "<group>"; };
		93DE36082AB833C4003E16FB /* Preview Assets.xcassets */ = {isa = PBXFileReference; lastKnownFileType = folder.assetcatalog; path = "Preview Assets.xcassets"; sourceTree = "<group>"; };
		93DE360E2AB833C5003E16FB /* SwiftUI-Demo-AppTests.xctest */ = {isa = PBXFileReference; explicitFileType = wrapper.cfbundle; includeInIndex = 0; path = "SwiftUI-Demo-AppTests.xctest"; sourceTree = BUILT_PRODUCTS_DIR; };
		93DE36122AB833C5003E16FB /* SwiftUI_Demo_AppTests.swift */ = {isa = PBXFileReference; lastKnownFileType = sourcecode.swift; path = SwiftUI_Demo_AppTests.swift; sourceTree = "<group>"; };
		93DE36182AB833C5003E16FB /* SwiftUI-Demo-AppUITests.xctest */ = {isa = PBXFileReference; explicitFileType = wrapper.cfbundle; includeInIndex = 0; path = "SwiftUI-Demo-AppUITests.xctest"; sourceTree = BUILT_PRODUCTS_DIR; };
		93DE361C2AB833C5003E16FB /* SwiftUI_Demo_AppUITests.swift */ = {isa = PBXFileReference; lastKnownFileType = sourcecode.swift; path = SwiftUI_Demo_AppUITests.swift; sourceTree = "<group>"; };
		93DE361E2AB833C5003E16FB /* SwiftUI_Demo_AppUITestsLaunchTests.swift */ = {isa = PBXFileReference; lastKnownFileType = sourcecode.swift; path = SwiftUI_Demo_AppUITestsLaunchTests.swift; sourceTree = "<group>"; };
/* End PBXFileReference section */

/* Begin PBXFrameworksBuildPhase section */
		93DE35FB2AB833C2003E16FB /* Frameworks */ = {
			isa = PBXFrameworksBuildPhase;
			buildActionMask = 2147483647;
			files = (
			);
			runOnlyForDeploymentPostprocessing = 0;
		};
		93DE360B2AB833C5003E16FB /* Frameworks */ = {
			isa = PBXFrameworksBuildPhase;
			buildActionMask = 2147483647;
			files = (
			);
			runOnlyForDeploymentPostprocessing = 0;
		};
		93DE36152AB833C5003E16FB /* Frameworks */ = {
			isa = PBXFrameworksBuildPhase;
			buildActionMask = 2147483647;
			files = (
			);
			runOnlyForDeploymentPostprocessing = 0;
		};
/* End PBXFrameworksBuildPhase section */

/* Begin PBXGroup section */
		93DE35F52AB833C2003E16FB = {
			isa = PBXGroup;
			children = (
				93DE36002AB833C2003E16FB /* SwiftUI-Demo-App */,
				93DE36112AB833C5003E16FB /* SwiftUI-Demo-AppTests */,
				93DE361B2AB833C5003E16FB /* SwiftUI-Demo-AppUITests */,
				93DE35FF2AB833C2003E16FB /* Products */,
			);
			sourceTree = "<group>";
		};
		93DE35FF2AB833C2003E16FB /* Products */ = {
			isa = PBXGroup;
			children = (
				93DE35FE2AB833C2003E16FB /* SwiftUI-Demo-App.app */,
				93DE360E2AB833C5003E16FB /* SwiftUI-Demo-AppTests.xctest */,
				93DE36182AB833C5003E16FB /* SwiftUI-Demo-AppUITests.xctest */,
			);
			name = Products;
			sourceTree = "<group>";
		};
		93DE36002AB833C2003E16FB /* SwiftUI-Demo-App */ = {
			isa = PBXGroup;
			children = (
				93DE36012AB833C2003E16FB /* SwiftUI_Demo_AppApp.swift */,
				93DE36032AB833C2003E16FB /* ContentView.swift */,
				93DE36052AB833C4003E16FB /* Assets.xcassets */,
				93DE36072AB833C4003E16FB /* Preview Content */,
			);
			path = "SwiftUI-Demo-App";
			sourceTree = "<group>";
		};
		93DE36072AB833C4003E16FB /* Preview Content */ = {
			isa = PBXGroup;
			children = (
				93DE36082AB833C4003E16FB /* Preview Assets.xcassets */,
			);
			path = "Preview Content";
			sourceTree = "<group>";
		};
		93DE36112AB833C5003E16FB /* SwiftUI-Demo-AppTests */ = {
			isa = PBXGroup;
			children = (
				93DE36122AB833C5003E16FB /* SwiftUI_Demo_AppTests.swift */,
			);
			path = "SwiftUI-Demo-AppTests";
			sourceTree = "<group>";
		};
		93DE361B2AB833C5003E16FB /* SwiftUI-Demo-AppUITests */ = {
			isa = PBXGroup;
			children = (
				93DE361C2AB833C5003E16FB /* SwiftUI_Demo_AppUITests.swift */,
				93DE361E2AB833C5003E16FB /* SwiftUI_Demo_AppUITestsLaunchTests.swift */,
			);
			path = "SwiftUI-Demo-AppUITests";
			sourceTree = "<group>";
		};
/* End PBXGroup section */

/* Begin PBXNativeTarget section */
		93DE35FD2AB833C2003E16FB /* SwiftUI-Demo-App */ = {
			isa = PBXNativeTarget;
			buildConfigurationList = 93DE36222AB833C5003E16FB /* Build configuration list for PBXNativeTarget "SwiftUI-Demo-App" */;
			buildPhases = (
				93DE35FA2AB833C2003E16FB /* Sources */,
				93DE35FB2AB833C2003E16FB /* Frameworks */,
				93DE35FC2AB833C2003E16FB /* Resources */,
			);
			buildRules = (
			);
			dependencies = (
			);
			name = "SwiftUI-Demo-App";
			productName = "SwiftUI-Demo-App";
			productReference = 93DE35FE2AB833C2003E16FB /* SwiftUI-Demo-App.app */;
			productType = "com.apple.product-type.application";
		};
		93DE360D2AB833C5003E16FB /* SwiftUI-Demo-AppTests */ = {
			isa = PBXNativeTarget;
			buildConfigurationList = 93DE36252AB833C5003E16FB /* Build configuration list for PBXNativeTarget "SwiftUI-Demo-AppTests" */;
			buildPhases = (
				93DE360A2AB833C5003E16FB /* Sources */,
				93DE360B2AB833C5003E16FB /* Frameworks */,
				93DE360C2AB833C5003E16FB /* Resources */,
			);
			buildRules = (
			);
			dependencies = (
				93DE36102AB833C5003E16FB /* PBXTargetDependency */,
			);
			name = "SwiftUI-Demo-AppTests";
			productName = "SwiftUI-Demo-AppTests";
			productReference = 93DE360E2AB833C5003E16FB /* SwiftUI-Demo-AppTests.xctest */;
			productType = "com.apple.product-type.bundle.unit-test";
		};
		93DE36172AB833C5003E16FB /* SwiftUI-Demo-AppUITests */ = {
			isa = PBXNativeTarget;
			buildConfigurationList = 93DE36282AB833C5003E16FB /* Build configuration list for PBXNativeTarget "SwiftUI-Demo-AppUITests" */;
			buildPhases = (
				93DE36142AB833C5003E16FB /* Sources */,
				93DE36152AB833C5003E16FB /* Frameworks */,
				93DE36162AB833C5003E16FB /* Resources */,
			);
			buildRules = (
			);
			dependencies = (
				93DE361A2AB833C5003E16FB /* PBXTargetDependency */,
			);
			name = "SwiftUI-Demo-AppUITests";
			productName = "SwiftUI-Demo-AppUITests";
			productReference = 93DE36182AB833C5003E16FB /* SwiftUI-Demo-AppUITests.xctest */;
			productType = "com.apple.product-type.bundle.ui-testing";
		};
/* End PBXNativeTarget section */

/* Begin PBXProject section */
		93DE35F62AB833C2003E16FB /* Project object */ = {
			isa = PBXProject;
			attributes = {
				BuildIndependentTargetsInParallel = 1;
				LastSwiftUpdateCheck = 1430;
				LastUpgradeCheck = 1430;
				TargetAttributes = {
					93DE35FD2AB833C2003E16FB = {
						CreatedOnToolsVersion = 14.3.1;
					};
					93DE360D2AB833C5003E16FB = {
						CreatedOnToolsVersion = 14.3.1;
						TestTargetID = 93DE35FD2AB833C2003E16FB;
					};
					93DE36172AB833C5003E16FB = {
						CreatedOnToolsVersion = 14.3.1;
						TestTargetID = 93DE35FD2AB833C2003E16FB;
					};
				};
			};
			buildConfigurationList = 93DE35F92AB833C2003E16FB /* Build configuration list for PBXProject "SwiftUI-Demo-App" */;
			compatibilityVersion = "Xcode 14.0";
			developmentRegion = en;
			hasScannedForEncodings = 0;
			knownRegions = (
				en,
				Base,
			);
			mainGroup = 93DE35F52AB833C2003E16FB;
			productRefGroup = 93DE35FF2AB833C2003E16FB /* Products */;
			projectDirPath = "";
			projectRoot = "";
			targets = (
				93DE35FD2AB833C2003E16FB /* SwiftUI-Demo-App */,
				93DE360D2AB833C5003E16FB /* SwiftUI-Demo-AppTests */,
				93DE36172AB833C5003E16FB /* SwiftUI-Demo-AppUITests */,
			);
		};
/* End PBXProject section */

/* Begin PBXResourcesBuildPhase section */
		93DE35FC2AB833C2003E16FB /* Resources */ = {
			isa = PBXResourcesBuildPhase;
			buildActionMask = 2147483647;
			files = (
				93DE36092AB833C4003E16FB /* Preview Assets.xcassets in Resources */,
				93DE36062AB833C4003E16FB /* Assets.xcassets in Resources */,
			);
			runOnlyForDeploymentPostprocessing = 0;
		};
		93DE360C2AB833C5003E16FB /* Resources */ = {
			isa = PBXResourcesBuildPhase;
			buildActionMask = 2147483647;
			files = (
			);
			runOnlyForDeploymentPostprocessing = 0;
		};
		93DE36162AB833C5003E16FB /* Resources */ = {
			isa = PBXResourcesBuildPhase;
			buildActionMask = 2147483647;
			files = (
			);
			runOnlyForDeploymentPostprocessing = 0;
		};
/* End PBXResourcesBuildPhase section */

/* Begin PBXSourcesBuildPhase section */
		93DE35FA2AB833C2003E16FB /* Sources */ = {
			isa = PBXSourcesBuildPhase;
			buildActionMask = 2147483647;
			files = (
				93DE36042AB833C2003E16FB /* ContentView.swift in Sources */,
				93DE36022AB833C2003E16FB /* SwiftUI_Demo_AppApp.swift in Sources */,
			);
			runOnlyForDeploymentPostprocessing = 0;
		};
		93DE360A2AB833C5003E16FB /* Sources */ = {
			isa = PBXSourcesBuildPhase;
			buildActionMask = 2147483647;
			files = (
				93DE36132AB833C5003E16FB /* SwiftUI_Demo_AppTests.swift in Sources */,
			);
			runOnlyForDeploymentPostprocessing = 0;
		};
		93DE36142AB833C5003E16FB /* Sources */ = {
			isa = PBXSourcesBuildPhase;
			buildActionMask = 2147483647;
			files = (
				93DE361D2AB833C5003E16FB /* SwiftUI_Demo_AppUITests.swift in Sources */,
				93DE361F2AB833C5003E16FB /* SwiftUI_Demo_AppUITestsLaunchTests.swift in Sources */,
			);
			runOnlyForDeploymentPostprocessing = 0;
		};
/* End PBXSourcesBuildPhase section */

/* Begin PBXTargetDependency section */
		93DE36102AB833C5003E16FB /* PBXTargetDependency */ = {
			isa = PBXTargetDependency;
			target = 93DE35FD2AB833C2003E16FB /* SwiftUI-Demo-App */;
			targetProxy = 93DE360F2AB833C5003E16FB /* PBXContainerItemProxy */;
		};
		93DE361A2AB833C5003E16FB /* PBXTargetDependency */ = {
			isa = PBXTargetDependency;
			target = 93DE35FD2AB833C2003E16FB /* SwiftUI-Demo-App */;
			targetProxy = 93DE36192AB833C5003E16FB /* PBXContainerItemProxy */;
		};
/* End PBXTargetDependency section */

/* Begin XCBuildConfiguration section */
		93DE36202AB833C5003E16FB /* Debug */ = {
			isa = XCBuildConfiguration;
			buildSettings = {
				ALWAYS_SEARCH_USER_PATHS = NO;
				CLANG_ANALYZER_NONNULL = YES;
				CLANG_ANALYZER_NUMBER_OBJECT_CONVERSION = YES_AGGRESSIVE;
				CLANG_CXX_LANGUAGE_STANDARD = "gnu++20";
				CLANG_ENABLE_MODULES = YES;
				CLANG_ENABLE_OBJC_ARC = YES;
				CLANG_ENABLE_OBJC_WEAK = YES;
				CLANG_WARN_BLOCK_CAPTURE_AUTORELEASING = YES;
				CLANG_WARN_BOOL_CONVERSION = YES;
				CLANG_WARN_COMMA = YES;
				CLANG_WARN_CONSTANT_CONVERSION = YES;
				CLANG_WARN_DEPRECATED_OBJC_IMPLEMENTATIONS = YES;
				CLANG_WARN_DIRECT_OBJC_ISA_USAGE = YES_ERROR;
				CLANG_WARN_DOCUMENTATION_COMMENTS = YES;
				CLANG_WARN_EMPTY_BODY = YES;
				CLANG_WARN_ENUM_CONVERSION = YES;
				CLANG_WARN_INFINITE_RECURSION = YES;
				CLANG_WARN_INT_CONVERSION = YES;
				CLANG_WARN_NON_LITERAL_NULL_CONVERSION = YES;
				CLANG_WARN_OBJC_IMPLICIT_RETAIN_SELF = YES;
				CLANG_WARN_OBJC_LITERAL_CONVERSION = YES;
				CLANG_WARN_OBJC_ROOT_CLASS = YES_ERROR;
				CLANG_WARN_QUOTED_INCLUDE_IN_FRAMEWORK_HEADER = YES;
				CLANG_WARN_RANGE_LOOP_ANALYSIS = YES;
				CLANG_WARN_STRICT_PROTOTYPES = YES;
				CLANG_WARN_SUSPICIOUS_MOVE = YES;
				CLANG_WARN_UNGUARDED_AVAILABILITY = YES_AGGRESSIVE;
				CLANG_WARN_UNREACHABLE_CODE = YES;
				CLANG_WARN__DUPLICATE_METHOD_MATCH = YES;
				COPY_PHASE_STRIP = NO;
				DEBUG_INFORMATION_FORMAT = dwarf;
				ENABLE_STRICT_OBJC_MSGSEND = YES;
				ENABLE_TESTABILITY = YES;
				GCC_C_LANGUAGE_STANDARD = gnu11;
				GCC_DYNAMIC_NO_PIC = NO;
				GCC_NO_COMMON_BLOCKS = YES;
				GCC_OPTIMIZATION_LEVEL = 0;
				GCC_PREPROCESSOR_DEFINITIONS = (
					"DEBUG=1",
					"$(inherited)",
				);
				GCC_WARN_64_TO_32_BIT_CONVERSION = YES;
				GCC_WARN_ABOUT_RETURN_TYPE = YES_ERROR;
				GCC_WARN_UNDECLARED_SELECTOR = YES;
				GCC_WARN_UNINITIALIZED_AUTOS = YES_AGGRESSIVE;
				GCC_WARN_UNUSED_FUNCTION = YES;
				GCC_WARN_UNUSED_VARIABLE = YES;
				IPHONEOS_DEPLOYMENT_TARGET = 16.4;
				MTL_ENABLE_DEBUG_INFO = INCLUDE_SOURCE;
				MTL_FAST_MATH = YES;
				ONLY_ACTIVE_ARCH = YES;
				SDKROOT = iphoneos;
				SWIFT_ACTIVE_COMPILATION_CONDITIONS = DEBUG;
				SWIFT_OPTIMIZATION_LEVEL = "-Onone";
			};
			name = Debug;
		};
		93DE36212AB833C5003E16FB /* Release */ = {
			isa = XCBuildConfiguration;
			buildSettings = {
				ALWAYS_SEARCH_USER_PATHS = NO;
				CLANG_ANALYZER_NONNULL = YES;
				CLANG_ANALYZER_NUMBER_OBJECT_CONVERSION = YES_AGGRESSIVE;
				CLANG_CXX_LANGUAGE_STANDARD = "gnu++20";
				CLANG_ENABLE_MODULES = YES;
				CLANG_ENABLE_OBJC_ARC = YES;
				CLANG_ENABLE_OBJC_WEAK = YES;
				CLANG_WARN_BLOCK_CAPTURE_AUTORELEASING = YES;
				CLANG_WARN_BOOL_CONVERSION = YES;
				CLANG_WARN_COMMA = YES;
				CLANG_WARN_CONSTANT_CONVERSION = YES;
				CLANG_WARN_DEPRECATED_OBJC_IMPLEMENTATIONS = YES;
				CLANG_WARN_DIRECT_OBJC_ISA_USAGE = YES_ERROR;
				CLANG_WARN_DOCUMENTATION_COMMENTS = YES;
				CLANG_WARN_EMPTY_BODY = YES;
				CLANG_WARN_ENUM_CONVERSION = YES;
				CLANG_WARN_INFINITE_RECURSION = YES;
				CLANG_WARN_INT_CONVERSION = YES;
				CLANG_WARN_NON_LITERAL_NULL_CONVERSION = YES;
				CLANG_WARN_OBJC_IMPLICIT_RETAIN_SELF = YES;
				CLANG_WARN_OBJC_LITERAL_CONVERSION = YES;
				CLANG_WARN_OBJC_ROOT_CLASS = YES_ERROR;
				CLANG_WARN_QUOTED_INCLUDE_IN_FRAMEWORK_HEADER = YES;
				CLANG_WARN_RANGE_LOOP_ANALYSIS = YES;
				CLANG_WARN_STRICT_PROTOTYPES = YES;
				CLANG_WARN_SUSPICIOUS_MOVE = YES;
				CLANG_WARN_UNGUARDED_AVAILABILITY = YES_AGGRESSIVE;
				CLANG_WARN_UNREACHABLE_CODE = YES;
				CLANG_WARN__DUPLICATE_METHOD_MATCH = YES;
				COPY_PHASE_STRIP = NO;
				DEBUG_INFORMATION_FORMAT = "dwarf-with-dsym";
				ENABLE_NS_ASSERTIONS = NO;
				ENABLE_STRICT_OBJC_MSGSEND = YES;
				GCC_C_LANGUAGE_STANDARD = gnu11;
				GCC_NO_COMMON_BLOCKS = YES;
				GCC_WARN_64_TO_32_BIT_CONVERSION = YES;
				GCC_WARN_ABOUT_RETURN_TYPE = YES_ERROR;
				GCC_WARN_UNDECLARED_SELECTOR = YES;
				GCC_WARN_UNINITIALIZED_AUTOS = YES_AGGRESSIVE;
				GCC_WARN_UNUSED_FUNCTION = YES;
				GCC_WARN_UNUSED_VARIABLE = YES;
				IPHONEOS_DEPLOYMENT_TARGET = 16.4;
				MTL_ENABLE_DEBUG_INFO = NO;
				MTL_FAST_MATH = YES;
				SDKROOT = iphoneos;
				SWIFT_COMPILATION_MODE = wholemodule;
				SWIFT_OPTIMIZATION_LEVEL = "-O";
				VALIDATE_PRODUCT = YES;
			};
			name = Release;
		};
		93DE36232AB833C5003E16FB /* Debug */ = {
			isa = XCBuildConfiguration;
			buildSettings = {
				ASSETCATALOG_COMPILER_APPICON_NAME = AppIcon;
				ASSETCATALOG_COMPILER_GLOBAL_ACCENT_COLOR_NAME = AccentColor;
				CODE_SIGN_STYLE = Automatic;
				CURRENT_PROJECT_VERSION = 1;
				DEVELOPMENT_ASSET_PATHS = "\"SwiftUI-Demo-App/Preview Content\"";
				DEVELOPMENT_TEAM = TYZ76B3838;
				ENABLE_PREVIEWS = YES;
				GENERATE_INFOPLIST_FILE = YES;
				INFOPLIST_KEY_UIApplicationSceneManifest_Generation = YES;
				INFOPLIST_KEY_UIApplicationSupportsIndirectInputEvents = YES;
				INFOPLIST_KEY_UILaunchScreen_Generation = YES;
				INFOPLIST_KEY_UISupportedInterfaceOrientations_iPad = "UIInterfaceOrientationPortrait UIInterfaceOrientationPortraitUpsideDown UIInterfaceOrientationLandscapeLeft UIInterfaceOrientationLandscapeRight";
				INFOPLIST_KEY_UISupportedInterfaceOrientations_iPhone = "UIInterfaceOrientationPortrait UIInterfaceOrientationLandscapeLeft UIInterfaceOrientationLandscapeRight";
				LD_RUNPATH_SEARCH_PATHS = (
					"$(inherited)",
					"@executable_path/Frameworks",
				);
				MARKETING_VERSION = 1.0;
				PRODUCT_BUNDLE_IDENTIFIER = "athimue.SwiftUI-Demo-App";
				PRODUCT_NAME = "$(TARGET_NAME)";
				SWIFT_EMIT_LOC_STRINGS = YES;
				SWIFT_VERSION = 5.0;
				TARGETED_DEVICE_FAMILY = "1,2";
			};
			name = Debug;
		};
		93DE36242AB833C5003E16FB /* Release */ = {
			isa = XCBuildConfiguration;
			buildSettings = {
				ASSETCATALOG_COMPILER_APPICON_NAME = AppIcon;
				ASSETCATALOG_COMPILER_GLOBAL_ACCENT_COLOR_NAME = AccentColor;
				CODE_SIGN_STYLE = Automatic;
				CURRENT_PROJECT_VERSION = 1;
				DEVELOPMENT_ASSET_PATHS = "\"SwiftUI-Demo-App/Preview Content\"";
				DEVELOPMENT_TEAM = TYZ76B3838;
				ENABLE_PREVIEWS = YES;
				GENERATE_INFOPLIST_FILE = YES;
				INFOPLIST_KEY_UIApplicationSceneManifest_Generation = YES;
				INFOPLIST_KEY_UIApplicationSupportsIndirectInputEvents = YES;
				INFOPLIST_KEY_UILaunchScreen_Generation = YES;
				INFOPLIST_KEY_UISupportedInterfaceOrientations_iPad = "UIInterfaceOrientationPortrait UIInterfaceOrientationPortraitUpsideDown UIInterfaceOrientationLandscapeLeft UIInterfaceOrientationLandscapeRight";
				INFOPLIST_KEY_UISupportedInterfaceOrientations_iPhone = "UIInterfaceOrientationPortrait UIInterfaceOrientationLandscapeLeft UIInterfaceOrientationLandscapeRight";
				LD_RUNPATH_SEARCH_PATHS = (
					"$(inherited)",
					"@executable_path/Frameworks",
				);
				MARKETING_VERSION = 1.0;
				PRODUCT_BUNDLE_IDENTIFIER = "athimue.SwiftUI-Demo-App";
				PRODUCT_NAME = "$(TARGET_NAME)";
				SWIFT_EMIT_LOC_STRINGS = YES;
				SWIFT_VERSION = 5.0;
				TARGETED_DEVICE_FAMILY = "1,2";
			};
			name = Release;
		};
		93DE36262AB833C5003E16FB /* Debug */ = {
			isa = XCBuildConfiguration;
			buildSettings = {
				ALWAYS_EMBED_SWIFT_STANDARD_LIBRARIES = YES;
				BUNDLE_LOADER = "$(TEST_HOST)";
				CODE_SIGN_STYLE = Automatic;
				CURRENT_PROJECT_VERSION = 1;
				DEVELOPMENT_TEAM = TYZ76B3838;
				GENERATE_INFOPLIST_FILE = YES;
				IPHONEOS_DEPLOYMENT_TARGET = 16.4;
				MARKETING_VERSION = 1.0;
				PRODUCT_BUNDLE_IDENTIFIER = "athimue.SwiftUI-Demo-AppTests";
				PRODUCT_NAME = "$(TARGET_NAME)";
				SWIFT_EMIT_LOC_STRINGS = NO;
				SWIFT_VERSION = 5.0;
				TARGETED_DEVICE_FAMILY = "1,2";
				TEST_HOST = "$(BUILT_PRODUCTS_DIR)/SwiftUI-Demo-App.app/$(BUNDLE_EXECUTABLE_FOLDER_PATH)/SwiftUI-Demo-App";
			};
			name = Debug;
		};
		93DE36272AB833C5003E16FB /* Release */ = {
			isa = XCBuildConfiguration;
			buildSettings = {
				ALWAYS_EMBED_SWIFT_STANDARD_LIBRARIES = YES;
				BUNDLE_LOADER = "$(TEST_HOST)";
				CODE_SIGN_STYLE = Automatic;
				CURRENT_PROJECT_VERSION = 1;
				DEVELOPMENT_TEAM = TYZ76B3838;
				GENERATE_INFOPLIST_FILE = YES;
				IPHONEOS_DEPLOYMENT_TARGET = 16.4;
				MARKETING_VERSION = 1.0;
				PRODUCT_BUNDLE_IDENTIFIER = "athimue.SwiftUI-Demo-AppTests";
				PRODUCT_NAME = "$(TARGET_NAME)";
				SWIFT_EMIT_LOC_STRINGS = NO;
				SWIFT_VERSION = 5.0;
				TARGETED_DEVICE_FAMILY = "1,2";
				TEST_HOST = "$(BUILT_PRODUCTS_DIR)/SwiftUI-Demo-App.app/$(BUNDLE_EXECUTABLE_FOLDER_PATH)/SwiftUI-Demo-App";
			};
			name = Release;
		};
		93DE36292AB833C5003E16FB /* Debug */ = {
			isa = XCBuildConfiguration;
			buildSettings = {
				ALWAYS_EMBED_SWIFT_STANDARD_LIBRARIES = YES;
				CODE_SIGN_STYLE = Automatic;
				CURRENT_PROJECT_VERSION = 1;
				DEVELOPMENT_TEAM = TYZ76B3838;
				GENERATE_INFOPLIST_FILE = YES;
				MARKETING_VERSION = 1.0;
				PRODUCT_BUNDLE_IDENTIFIER = "athimue.SwiftUI-Demo-AppUITests";
				PRODUCT_NAME = "$(TARGET_NAME)";
				SWIFT_EMIT_LOC_STRINGS = NO;
				SWIFT_VERSION = 5.0;
				TARGETED_DEVICE_FAMILY = "1,2";
				TEST_TARGET_NAME = "SwiftUI-Demo-App";
			};
			name = Debug;
		};
		93DE362A2AB833C5003E16FB /* Release */ = {
			isa = XCBuildConfiguration;
			buildSettings = {
				ALWAYS_EMBED_SWIFT_STANDARD_LIBRARIES = YES;
				CODE_SIGN_STYLE = Automatic;
				CURRENT_PROJECT_VERSION = 1;
				DEVELOPMENT_TEAM = TYZ76B3838;
				GENERATE_INFOPLIST_FILE = YES;
				MARKETING_VERSION = 1.0;
				PRODUCT_BUNDLE_IDENTIFIER = "athimue.SwiftUI-Demo-AppUITests";
				PRODUCT_NAME = "$(TARGET_NAME)";
				SWIFT_EMIT_LOC_STRINGS = NO;
				SWIFT_VERSION = 5.0;
				TARGETED_DEVICE_FAMILY = "1,2";
				TEST_TARGET_NAME = "SwiftUI-Demo-App";
			};
			name = Release;
		};
/* End XCBuildConfiguration section */

/* Begin XCConfigurationList section */
		93DE35F92AB833C2003E16FB /* Build configuration list for PBXProject "SwiftUI-Demo-App" */ = {
			isa = XCConfigurationList;
			buildConfigurations = (
				93DE36202AB833C5003E16FB /* Debug */,
				93DE36212AB833C5003E16FB /* Release */,
			);
			defaultConfigurationIsVisible = 0;
			defaultConfigurationName = Release;
		};
		93DE36222AB833C5003E16FB /* Build configuration list for PBXNativeTarget "SwiftUI-Demo-App" */ = {
			isa = XCConfigurationList;
			buildConfigurations = (
				93DE36232AB833C5003E16FB /* Debug */,
				93DE36242AB833C5003E16FB /* Release */,
			);
			defaultConfigurationIsVisible = 0;
			defaultConfigurationName = Release;
		};
		93DE36252AB833C5003E16FB /* Build configuration list for PBXNativeTarget "SwiftUI-Demo-AppTests" */ = {
			isa = XCConfigurationList;
			buildConfigurations = (
				93DE36262AB833C5003E16FB /* Debug */,
				93DE36272AB833C5003E16FB /* Release */,
			);
			defaultConfigurationIsVisible = 0;
			defaultConfigurationName = Release;
		};
		93DE36282AB833C5003E16FB /* Build configuration list for PBXNativeTarget "SwiftUI-Demo-AppUITests" */ = {
			isa = XCConfigurationList;
			buildConfigurations = (
				93DE36292AB833C5003E16FB /* Debug */,
				93DE362A2AB833C5003E16FB /* Release */,
			);
			defaultConfigurationIsVisible = 0;
			defaultConfigurationName = Release;
		};
/* End XCConfigurationList section */
	};
	rootObject = 93DE35F62AB833C2003E16FB /* Project object */;
}
